
Microsoft Visual Studio Solution File, Format Version 12.00
# Visual Studio Version 17
VisualStudioVersion = 17.6.33829.357
MinimumVisualStudioVersion = 10.0.40219.1
Project("{2150E333-8FDC-42A3-9474-1A3956D46DE8}") = "Assignment_1", "Assignment_1", "{FD076764-26AF-46F1-84A6-917C0BFD8759}"
	ProjectSection(SolutionItems) = preProject
		Assignment_1\RailroadTickets.bak = Assignment_1\RailroadTickets.bak
		Assignment_1\RailroadTicketsDatabaseWithSampleData.sql = Assignment_1\RailroadTicketsDatabaseWithSampleData.sql
	EndProjectSection
EndProject
Project("{2150E333-8FDC-42A3-9474-1A3956D46DE8}") = "Assignment_2", "Assignment_2", "{903129A5-0165-4421-8098-0004915F2D60}"
EndProject
Project("{9A19103F-16F7-4668-BE54-9A1E7A4F7556}") = "Proxy.Web", "Assignment_2\Proxy.Web\Proxy.Web.csproj", "{CA77D986-0AD8-42ED-8FC9-7F5CB2C31B08}"
EndProject
Project("{2150E333-8FDC-42A3-9474-1A3956D46DE8}") = "SolutionFolder", "SolutionFolder", "{70144A62-9204-4580-9A6D-A99FD56EDE81}"
	ProjectSection(SolutionItems) = preProject
		stylecop.json = stylecop.json
		README.md = README.md
		Directory.Build.props = Directory.Build.props
	EndProjectSection
EndProject
Global
	GlobalSection(SolutionConfigurationPlatforms) = preSolution
		Debug|Any CPU = Debug|Any CPU
		Release|Any CPU = Release|Any CPU
	EndGlobalSection
	GlobalSection(ProjectConfigurationPlatforms) = postSolution
		{CA77D986-0AD8-42ED-8FC9-7F5CB2C31B08}.Debug|Any CPU.ActiveCfg = Debug|Any CPU
		{CA77D986-0AD8-42ED-8FC9-7F5CB2C31B08}.Debug|Any CPU.Build.0 = Debug|Any CPU
		{CA77D986-0AD8-42ED-8FC9-7F5CB2C31B08}.Release|Any CPU.ActiveCfg = Release|Any CPU
		{CA77D986-0AD8-42ED-8FC9-7F5CB2C31B08}.Release|Any CPU.Build.0 = Release|Any CPU
	EndGlobalSection
	GlobalSection(SolutionProperties) = preSolution
		HideSolutionNode = FALSE
	EndGlobalSection
	GlobalSection(NestedProjects) = preSolution
		{CA77D986-0AD8-42ED-8FC9-7F5CB2C31B08} = {903129A5-0165-4421-8098-0004915F2D60}
	EndGlobalSection
	GlobalSection(ExtensibilityGlobals) = postSolution
		SolutionGuid = {FC8FD4F5-1595-45C1-BFF0-B4C7EDAB6053}
	EndGlobalSection
EndGlobal
